github.com/cespare/xxhash/v2 v2.2.0 h1:DC2CZ1Ep5Y4k3ZQ899DldepgrayRUGE6BBZ/cd9Cj44=
github.com/cespare/xxhash/v2 v2.2.0/go.mod h1:VGX0DQ3Q6kWi7AoAeZDth3/j3BFtOZR5XLFGgcrjCOs=
github.com/dgryski/go-rendezvous v0.0.0-20200823014737-9f7001d12a5f h1:lO4WD4F/rVNCu3HqELle0jiPLLBs70cWOduZpkS1E78=
github.com/dgryski/go-rendezvous v0.0.0-20200823014737-9f7001d12a5f/go.mod h1:cuUVRXasLTGF7a8hSLbxyZXjz+1KgoB3wDUb6vlszIc=
github.com/google/uuid v1.6.0 h1:NIvaJDMOsjHA8n1jAhLSgzrAzy1Hgr+hNrb57e+94F0=
github.com/google/uuid v1.6.0/go.mod h1:TIyPZe4MgqvfeYDBFedMoGGpEw/LqOeaOT+nhxU+yHo=
github.com/lefalya/item v0.3.1 h1:CYiP37V1cZo+niLhVMCJDeR6d9Gabr2qi5aZ4xcsLH0=
github.com/lefalya/item v0.3.1/go.mod h1:L35JD4rIJir5MilQ+Zu6/pzM8dYDcF2VUjQZKAed52E=
github.com/lefalya/item v1.3.0 h1:1z7i1Uh4nJn5GSt0hPh09jfDLUPfuQ8XKOk2pY0lLPY=
github.com/lefalya/item v1.3.0/go.mod h1:L35JD4rIJir5MilQ+Zu6/pzM8dYDcF2VUjQZKAed52E=
github.com/lefalya/pageflow v0.3.0 h1:WWiONneMVxlqG2WyKKHm8UQnKMKEKVdlK4DzM0vlY0w=
github.com/lefalya/pageflow v0.3.0/go.mod h1:ZZgDbMGn197/pK6mKE37fJ4U2J7YEtREo/Bz4rWOKzc=
github.com/lefalya/pageflow v0.4.1 h1:QwxQWlwZNFKvAxALBzd+EBKlA/N1Cbamzv+YagVP6+I=
github.com/lefalya/pageflow v0.4.1/go.mod h1:EOw5LFtp2NEMwp4I3LqFiN/Vj8ClHtyHpBKEyaKhhf8=
github.com/redis/go-redis/v9 v9.7.0 h1:HhLSs+B6O021gwzl+locl0zEDnyNkxMtf/Z3NNBMa9E=
github.com/redis/go-redis/v9 v9.7.0/go.mod h1:f6zhXITC7JUJIlPEiBOTXxJgPLdZcA93GewI7inzyWw=
go.mongodb.org/mongo-driver v1.17.3 h1:TQyXhnsWfWtgAhMtOgtYHMTkZIfBTpMTsMnd9ZBeHxQ=
go.mongodb.org/mongo-driver v1.17.3/go.mod h1:Hy04i7O2kC4RS06ZrhPRqj/u4DTYkFDAAccj+rVKqgQ=
